
Microsoft Visual Studio Solution File, Format Version 12.00
# Visual Studio Version 17
VisualStudioVersion = 17.9.34902.65
MinimumVisualStudioVersion = 10.0.40219.1
Project("{9A19103F-16F7-4668-BE54-9A1E7A4F7556}") = "CashOverFlow", "CashOverFlow\CashOverFlow.csproj", "{E650CE25-E8CF-4D7E-80F0-327A13CDA757}"
EndProject
Project("{9A19103F-16F7-4668-BE54-9A1E7A4F7556}") = "CashOverFlow.Infrastructure.Build", "CashOverFlow.Infrastructure.Build\CashOverFlow.Infrastructure.Build.csproj", "{F9EE06CE-1C76-4084-BFA1-FFE1AD2ABE3E}"
EndProject
Project("{FAE04EC0-301F-11D3-BF4B-00C04F79EFBC}") = "CashOverFlow.Tests.Unit", "CashOverFlow.Tests.Unit\CashOverFlow.Tests.Unit.csproj", "{53829490-4D09-453F-B576-56E5D0F5F880}"
EndProject
Global
	GlobalSection(SolutionConfigurationPlatforms) = preSolution
		Debug|Any CPU = Debug|Any CPU
		Release|Any CPU = Release|Any CPU
	EndGlobalSection
	GlobalSection(ProjectConfigurationPlatforms) = postSolution
		{E650CE25-E8CF-4D7E-80F0-327A13CDA757}.Debug|Any CPU.ActiveCfg = Debug|Any CPU
		{E650CE25-E8CF-4D7E-80F0-327A13CDA757}.Debug|Any CPU.Build.0 = Debug|Any CPU
		{E650CE25-E8CF-4D7E-80F0-327A13CDA757}.Release|Any CPU.ActiveCfg = Release|Any CPU
		{E650CE25-E8CF-4D7E-80F0-327A13CDA757}.Release|Any CPU.Build.0 = Release|Any CPU
		{F9EE06CE-1C76-4084-BFA1-FFE1AD2ABE3E}.Debug|Any CPU.ActiveCfg = Debug|Any CPU
		{F9EE06CE-1C76-4084-BFA1-FFE1AD2ABE3E}.Debug|Any CPU.Build.0 = Debug|Any CPU
		{F9EE06CE-1C76-4084-BFA1-FFE1AD2ABE3E}.Release|Any CPU.ActiveCfg = Release|Any CPU
		{F9EE06CE-1C76-4084-BFA1-FFE1AD2ABE3E}.Release|Any CPU.Build.0 = Release|Any CPU
		{53829490-4D09-453F-B576-56E5D0F5F880}.Debug|Any CPU.ActiveCfg = Debug|Any CPU
		{53829490-4D09-453F-B576-56E5D0F5F880}.Debug|Any CPU.Build.0 = Debug|Any CPU
		{53829490-4D09-453F-B576-56E5D0F5F880}.Release|Any CPU.ActiveCfg = Release|Any CPU
		{53829490-4D09-453F-B576-56E5D0F5F880}.Release|Any CPU.Build.0 = Release|Any CPU
	EndGlobalSection
	GlobalSection(SolutionProperties) = preSolution
		HideSolutionNode = FALSE
	EndGlobalSection
	GlobalSection(ExtensibilityGlobals) = postSolution
		SolutionGuid = {E41C803A-7611-40D1-AC59-307D0834DEE7}
	EndGlobalSection
EndGlobal
